
Microsoft Visual Studio Solution File, Format Version 12.00
# Visual Studio 15
VisualStudioVersion = 15.0.26730.16
MinimumVisualStudioVersion = 10.0.40219.1
Project("{FAE04EC0-301F-11D3-BF4B-00C04F79EFBC}") = "TestExercise", "TestExercise\TestExercise.csproj", "{4C745A40-DA50-43DD-91D0-E24A1F74E8E6}"
EndProject
Project("{FAE04EC0-301F-11D3-BF4B-00C04F79EFBC}") = "TestExerciseTest", "TestExerciseTest\TestExerciseTest.csproj", "{1E567CCF-9B30-4565-A718-B2387463DC9A}"
EndProject
Global
	GlobalSection(SolutionConfigurationPlatforms) = preSolution
		Debug|Any CPU = Debug|Any CPU
		Release|Any CPU = Release|Any CPU
	EndGlobalSection
	GlobalSection(ProjectConfigurationPlatforms) = postSolution
		{4C745A40-DA50-43DD-91D0-E24A1F74E8E6}.Debug|Any CPU.ActiveCfg = Debug|Any CPU
		{4C745A40-DA50-43DD-91D0-E24A1F74E8E6}.Debug|Any CPU.Build.0 = Debug|Any CPU
		{4C745A40-DA50-43DD-91D0-E24A1F74E8E6}.Release|Any CPU.ActiveCfg = Release|Any CPU
		{4C745A40-DA50-43DD-91D0-E24A1F74E8E6}.Release|Any CPU.Build.0 = Release|Any CPU
		{1E567CCF-9B30-4565-A718-B2387463DC9A}.Debug|Any CPU.ActiveCfg = Debug|Any CPU
		{1E567CCF-9B30-4565-A718-B2387463DC9A}.Debug|Any CPU.Build.0 = Debug|Any CPU
		{1E567CCF-9B30-4565-A718-B2387463DC9A}.Release|Any CPU.ActiveCfg = Release|Any CPU
		{1E567CCF-9B30-4565-A718-B2387463DC9A}.Release|Any CPU.Build.0 = Release|Any CPU
	EndGlobalSection
	GlobalSection(SolutionProperties) = preSolution
		HideSolutionNode = FALSE
	EndGlobalSection
	GlobalSection(ExtensibilityGlobals) = postSolution
		SolutionGuid = {A1663FD7-D80C-4E68-8387-A20F162DF992}
	EndGlobalSection
EndGlobal
